github.com/emnopal/private-go-module v1.0.0 h1:klvyJWmuBzHvob5Y/xBhEAqqTAuYpgNa0gNhmvn3FXw=
github.com/emnopal/private-go-module v1.0.0/go.mod h1:eFybrTCBaYPr3DYt6W1K0DOlH3EItOVQSBiZL2heVfs=
github.com/emnopal/private-go-module v1.0.1 h1:M+kOmyrdtsvyTJ4hCQKZvchRj6QoJEw70Gp2iz7j+Q8=
github.com/emnopal/private-go-module v1.0.1/go.mod h1:eFybrTCBaYPr3DYt6W1K0DOlH3EItOVQSBiZL2heVfs=
